{
  "version": 4,
  "terraform_version": "1.13.0",
  "serial": 355,
  "lineage": "34248efe-1722-9f13-96c9-8bfc15e4c3a8",
  "outputs": {
    "vm_ip": {
      "value": "192.168.122.252",
      "type": "string"
    }
  },
  "resources": [
    {
      "mode": "data",
      "type": "harvester_clusternetwork",
      "name": "mgmt",
      "provider": "provider[\"registry.terraform.io/harvester/harvester\"]",
      "instances": [
        {
          "schema_version": 0,
          "attributes": {
            "description": "",
            "id": "mgmt",
            "labels": {},
            "message": null,
            "name": "mgmt",
            "state": "Ready",
            "tags": {}
          },
          "sensitive_attributes": [],
          "identity_schema_version": 0
        }
      ]
    },
    {
      "mode": "managed",
      "type": "harvester_cloudinit_secret",
      "name": "cloud_config_net",
      "provider": "provider[\"registry.terraform.io/harvester/harvester\"]",
      "instances": [
        {
          "schema_version": 0,
          "attributes": {
            "description": "",
            "id": "garage/cloudinit-net-secret",
            "labels": null,
            "message": null,
            "name": "cloudinit-net-secret",
            "namespace": "garage",
            "network_data": "version: 2\nethernets:\n  eth0:\n    dhcp4: false\n    addresses:\n      - 192.168.122.252\n    gateway4: 192.168.122.1\n    nameservers:\n      search: [lab.suse.local]\n      addresses:\n        - 8.8.8.8\n        - 1.1.1.1",
            "network_data_base64": "",
            "state": null,
            "tags": null,
            "timeouts": null,
            "user_data": null,
            "user_data_base64": ""
          },
          "sensitive_attributes": [],
          "identity_schema_version": 0,
          "private": "eyJlMmJmYjczMC1lY2FhLTExZTYtOGY4OC0zNDM2M2JjN2M0YzAiOnsiY3JlYXRlIjoxMjAwMDAwMDAwMDAsImRlZmF1bHQiOjEyMDAwMDAwMDAwMCwiZGVsZXRlIjoxMjAwMDAwMDAwMDAsInJlYWQiOjEyMDAwMDAwMDAwMCwidXBkYXRlIjoxMjAwMDAwMDAwMDB9fQ==",
          "dependencies": [
            "kubernetes_namespace_v1.vm_namespace"
          ]
        }
      ]
    },
    {
      "mode": "managed",
      "type": "harvester_cloudinit_secret",
      "name": "cloud_config_user",
      "provider": "provider[\"registry.terraform.io/harvester/harvester\"]",
      "instances": [
        {
          "schema_version": 0,
          "attributes": {
            "description": "",
            "id": "garage/cloudinit-user-secret",
            "labels": null,
            "message": null,
            "name": "cloudinit-user-secret",
            "namespace": "garage",
            "network_data": null,
            "network_data_base64": "",
            "state": null,
            "tags": null,
            "timeouts": null,
            "user_data": "#cloud-config\ndisable_root: false\npackage_update: true\npackages:\n  - vim\n  - sudo\n  - bind-utils\n  - qemu-guest-agent\n  - iptables\n  - chrony\n  - wget\n  - openssl\nssh_pwauth: True\nusers:\n  - name: tux\n    groups: [ sudo ]\n    hashed_passwd: $6$xyz$NrQsvY4ClU6g8vwP2hc5oF.ul0M.j0QDVl3qBe.LeHNUYNbQszQfu.OH.7gyLhfNIJeqHdRYkCvh40Qmz8sR00\n    lock_passwd: false\n    shell: /bin/bash\n    sudo: ALL=(ALL) NOPASSWD:ALL\n    ssh_authorized_keys:\n      - ssh-ed25519 AAAAC3NzaC1lZDI1NTE5AAAAIFAhgIKk9L4pXM14pzvoICFNt+OY2HETqFRz4VcsZHwb rodolfo.almeida@suse.com\nruncmd:\n  - systemctl enable --now qemu-guest-agent.service\n  - sysctl -w net.ipv6.conf.all.disable_ipv6=1\n  - \"sleep 60 \u0026\u0026 bash /opt/setup.sh \u003e /var/log/setup-debug.log 2\u003e\u00261\"\nwrite_files:\n  - path: /opt/setup.sh\n    permissions: '0755'\n    encoding: b64\n    content: IyEvYmluL2Jhc2gKCiMgPT09PT09PT09PT09PT09PT09PT09PT09PT09PT09PT09PT09PT09PT09PT09PT0KIyBTMyBidWNrZXQgU2VydmVyIFNldHVwIFNjcmlwdCBmb3Igb3BlblNVU0UvU0xFUwojID09PT09PT09PT09PT09PT09PT09PT09PT09PT09PT09PT09PT09PT09PT09PT09CgojIENvbmZpZ3VyYXRpb24gVmFyaWFibGVzCk1FVEFfRElSPSIvbW50L2dhcmFnZS9tZXRhIgpCQUNLVVBfRElSPSIvbW50L2dhcmFnZS9kYXRhIgpTM19TRVJWSUNFPSJnYXJhZ2Uuc2VydmljZSIKR0FSQUdFX1ZFUj0iaHR0cHM6Ly9nYXJhZ2VocS5kZXV4ZmxldXJzLmZyL19yZWxlYXNlcy92Mi4xLjAveDg2XzY0LXVua25vd24tbGludXgtbXVzbC9nYXJhZ2UiClNSVl9JUD0iMTkyLjE2OC4xMjIuMjUyIiAgClMzX1JFR0lPTj0ibm9ydGgxIgpCVUNLRVRfTkFNRT0iYnVja2V0MSIKS0VZX05BTUU9ImhhcnZidWNrZXRrZXkiCgojIENyZWF0ZSBSUEMgU2VjcmV0ClJQQ19TRUNSRVQ9JChvcGVuc3NsIHJhbmQgLWhleCAzMikKCiMgQ2hlY2sgaWYgdGhlIHNjcmlwdCBpcyBydW5uaW5nIGFzIHJvb3QKaWYgWyAiJEVVSUQiIC1uZSAwIF07IHRoZW4KICBlY2hvICJFcnJvcjogUGxlYXNlIHJ1biB0aGlzIHNjcmlwdCBhcyByb290LiIgPiAvb3B0L3NjcmlwdC1zdGF0dXMudHh0CiAgZXhpdCAxCmZpCgplY2hvICItLS0gU3RhcnRpbmcgUzMgQnVja2V0IFNlcnZlciBDb25maWd1cmF0aW9uIC0tLSIgPj4gL29wdC9zY3JpcHQtc3RhdHVzLnR4dAoKIyAxLiBDcmVhdGUgdGhlIGRpcmVjdG9yeSB0byBzdG9yZSBiYWNrdXBzCmVjaG8gIlsxLzddIENyZWF0aW5nIGRpcmVjdG9yaWVzLi4uIiA+PiAvb3B0L3NjcmlwdC1zdGF0dXMudHh0Cm1rZGlyIC1wICIkTUVUQV9ESVIiCm1rZGlyIC1wICIkQkFDS1VQX0RJUiIKCiMgMi4gU2V0IGRpcmVjdG9yeSBwZXJtaXNzaW9ucwplY2hvICJbMi83XSBTZXR0aW5nIHBlcm1pc3Npb25zLi4uIiA+PiAvb3B0L3NjcmlwdC1zdGF0dXMudHh0CmNob3duIC1SIHJvb3Q6cm9vdCAiJE1FVEFfRElSIgpjaG1vZCAtUiA3MDAgIiRNRVRBX0RJUiIKY2hvd24gLVIgcm9vdDpyb290ICIkQkFDS1VQX0RJUiIKY2htb2QgLVIgNzAwICIkQkFDS1VQX0RJUiIKCiMgMy4gSW5zdGFsbCBHYXJhZ2UgUzMgQnVja2V0IHNlcnZpY2UKZWNobyAiWzMvN10gSW5zdGFsbGluZyBHYXJhZ2UgUzMgQnVja2V0Li4uIiA+PiAvb3B0L3NjcmlwdC1zdGF0dXMudHh0CndnZXQgLXEgLU8gZ2FyYWdlICRHQVJBR0VfVkVSCmlmIFsgJD8gLW5lIDAgXTsgdGhlbgogICAgZWNobyAi4p2MIEVycm9yOiBGYWlsIHRvIGRvd25sb2FkIEdhcmFnZSBCaW5hcnkuIENoZWNrIHRoZSBVUkwgdGhlIG5ldHdvcmsgY29ubmVjdGl2aXR5LiIgPj4gL29wdC9zY3JpcHQtc3RhdHVzLnR4dAogICAgZXhpdCAxCmZpCmNobW9kICt4IGdhcmFnZQptdiBnYXJhZ2UgL3Vzci9sb2NhbC9iaW4vCgojIDQuIENyZWF0ZSBTZXJ2aWNlIFN5c3RlbWQgZmlsZQplY2hvICJbNC83XSBDcmVhdGluZyBTeXN0ZW1kIFNlcnZpY2UuLi4iID4+IC9vcHQvc2NyaXB0LXN0YXR1cy50eHQKY2F0ID4gL2V0Yy9zeXN0ZW1kL3N5c3RlbS9nYXJhZ2Uuc2VydmljZSA8PEVPRgpbVW5pdF0KRGVzY3JpcHRpb249R2FyYWdlIFMzIFNlcnZlcgpBZnRlcj1uZXR3b3JrLnRhcmdldApXYW50cz1uZXR3b3JrLnRhcmdldAoKW1NlcnZpY2VdCkVudmlyb25tZW50PSdSVVNUX0xPRz1nYXJhZ2U9aW5mbycgJ1JVU1RfQkFDS1RSQUNFPTEnCkV4ZWNTdGFydD0vdXNyL2xvY2FsL2Jpbi9nYXJhZ2Ugc2VydmVyClN0YXRlRGlyZWN0b3J5PWdhcmFnZQpSZXN0YXJ0PWFsd2F5cwpMaW1pdE5PRklMRT00MjAwMApVc2VyPXJvb3QKR3JvdXA9cm9vdAoKW0luc3RhbGxdCldhbnRlZEJ5PW11bHRpLXVzZXIudGFyZ2V0CkVPRgoKIyA1LiBDcmVhdGUgdGhlIGNvbmZpZ3VyYXRpb24gZmlsZQplY2hvICJbNS83XSBDcmVhdGluZyBDb25maWcgRmlsZS4uLiIgPj4gL29wdC9zY3JpcHQtc3RhdHVzLnR4dApjYXQgPiAvZXRjL2dhcmFnZS50b21sIDw8RU9GCm1ldGFkYXRhX2RpciA9ICIkTUVUQV9ESVIiCmRhdGFfZGlyID0gIiRCQUNLVVBfRElSIgpkYl9lbmdpbmUgPSAic3FsaXRlIgoKcmVwbGljYXRpb25fZmFjdG9yID0gMQoKcnBjX2JpbmRfYWRkciA9ICJbOjpdOjM5MDEiCnJwY19wdWJsaWNfYWRkciA9ICIkU1JWX0lQOjM5MDEiCnJwY19zZWNyZXQgPSAiJFJQQ19TRUNSRVQiCgpbczNfYXBpXQpzM19yZWdpb24gPSAiJFMzX1JFR0lPTiIKYXBpX2JpbmRfYWRkciA9ICJbOjpdOjM5MDAiCnJvb3RfZG9tYWluID0gIi5zMy5nYXJhZ2UubG9jYWwiCgpbczNfd2ViXQpiaW5kX2FkZHIgPSAiWzo6XTozOTAyIgpyb290X2RvbWFpbiA9ICIud2ViLmdhcmFnZS5sb2NhbCIKaW5kZXggPSAiaW5kZXguaHRtbCIKCltrMnZfYXBpXQphcGlfYmluZF9hZGRyID0gIls6Ol06MzkwNCIKClthZG1pbl0KYXBpX2JpbmRfYWRkciA9ICJbOjpdOjM5MDMiCmFkbWluX3Rva2VuID0gIiQob3BlbnNzbCByYW5kIC1iYXNlNjQgMzIpIgptZXRyaWNzX3Rva2VuID0gIiQob3BlbnNzbCByYW5kIC1iYXNlNjQgMzIpIgpFT0YKCiMgNi4gRW5hYmxlIGFuZCBzdGFydCB0aGUgc2VydmljZQplY2hvICJbNi83XSBTdGFydGluZyBTZXJ2aWNlLi4uIiA+PiAvb3B0L3NjcmlwdC1zdGF0dXMudHh0CnN5c3RlbWN0bCBkYWVtb24tcmVsb2FkCnN5c3RlbWN0bCBlbmFibGUgLS1ub3cgJFMzX1NFUlZJQ0UgPiAvZGV2L251bGwgMj4mMQpzbGVlcCA1CgojIENoZWNrIGlmIHNlcnZpY2UgaXMgcnVubmluZyBzdWNjZXNzZnVsbHkKaWYgc3lzdGVtY3RsIGlzLWFjdGl2ZSAtLXF1aWV0ICIkUzNfU0VSVklDRSI7IHRoZW4KICAgIGVjaG8gIiAgICAgICRTM19TRVJWSUNFIGlzIHJ1bm5pbmcuIiA+PiAvb3B0L3NjcmlwdC1zdGF0dXMudHh0CmVsc2UKICAgIGVjaG8gIiAgICAgICRTM19TRVJWSUNFIGlzIE5PVCBydW5uaW5nLiBDaGVjayBsb2dzIHdpdGg6IGpvdXJuYWxjdGwgLXUgJFMzX1NFUlZJQ0UiID4+IC9vcHQvc2NyaXB0LXN0YXR1cy50eHQKICAgIGV4aXQgMQpmaQpzbGVlcCA1CgojIDcuIEluaXRpYWxpemUgTGF5b3V0CmVjaG8gIls3LzddIEluaXRpYWxpemluZyBHYXJhZ2UgTGF5b3V0Li4uIiA+PiAvb3B0L3NjcmlwdC1zdGF0dXMudHh0Ck5PREVfSUQ9JChnYXJhZ2Ugc3RhdHVzIHwgZ3JlcCAiSUQ6IiB8IGF3ayAne3ByaW50ICQyfScgfCBoZWFkIC1uIDEpCmdhcmFnZSBsYXlvdXQgYXNzaWduIC16IFpvbmUxIC1jIDUwRyAiJE5PREVfSUQiID4gL2Rldi9udWxsIDI+JjEKc2xlZXAgMgpnYXJhZ2UgbGF5b3V0IGFwcGx5IC0tdmVyc2lvbiAxID4gL2Rldi9udWxsIDI+JjEKc2xlZXAgMgoKIyBDcmVhdGUgQnVja2V0IGFuZCBLZXlzCmdhcmFnZSBidWNrZXQgY3JlYXRlICIkQlVDS0VUX05BTUUiID4gL2Rldi9udWxsIDI+JjEKS0VZX09VVFBVVD0kKGdhcmFnZSBrZXkgY3JlYXRlICIkS0VZX05BTUUiKQpnYXJhZ2UgYnVja2V0IGFsbG93IC0tcmVhZCAtLXdyaXRlIC0tb3duZXIgIiRCVUNLRVRfTkFNRSIgLS1rZXkgIiRLRVlfTkFNRSIgPiAvZGV2L251bGwgMj4mMQoKZWNobyAiLS0tIgplY2hvICLinIUgQ29uZmlndXJhdGlvbiBjb21wbGV0ZWQgc3VjY2Vzc2Z1bGx5ISIgPj4gL29wdC9zY3JpcHQtc3RhdHVzLnR4dAplY2hvICItLS0iCgojIEV4dHJhY3Qga2V5cwpBQ0NFU1NfS0VZPSQoZWNobyAiJEtFWV9PVVRQVVQiIHwgZ3JlcCAiS2V5IElEIiB8IGF3ayAne3ByaW50ICQzfScpClNFQ1JFVF9LRVk9JChlY2hvICIkS0VZX09VVFBVVCIgfCBncmVwICJTZWNyZXQga2V5IiB8IGF3ayAne3ByaW50ICQzfScpCgpjYXQgPDxFT0YgPiAvb3B0L2hhcnZlc3Rlci1zM2J1Y2tldC1zZXR0aW5ncy50eHQKZWNobyAiSGFydmVzdGVyIFNldHRpbmdzIEluZm86IgplY2hvICJFbmRwb2ludCAgICAgICAgICA9IGh0dHA6Ly8kU1JWX0lQOjM5MDAiCmVjaG8gIkJ1Y2tldCBOYW1lICAgICAgID0gJEJVQ0tFVF9OQU1FIgplY2hvICJCdWNrZXQgUmVnaW9uICAgICA9ICRTM19SRUdJT04iCmVjaG8gIkFjY2VzcyBLZXkgSUQgICAgID0gJEFDQ0VTU19LRVkiCmVjaG8gIlNlY3JldCBBY2Nlc3MgS2V5ID0gJFNFQ1JFVF9LRVkiCkVPRg==\n\n",
            "user_data_base64": ""
          },
          "sensitive_attributes": [],
          "identity_schema_version": 0,
          "private": "eyJlMmJmYjczMC1lY2FhLTExZTYtOGY4OC0zNDM2M2JjN2M0YzAiOnsiY3JlYXRlIjoxMjAwMDAwMDAwMDAsImRlZmF1bHQiOjEyMDAwMDAwMDAwMCwiZGVsZXRlIjoxMjAwMDAwMDAwMDAsInJlYWQiOjEyMDAwMDAwMDAwMCwidXBkYXRlIjoxMjAwMDAwMDAwMDB9fQ==",
          "dependencies": [
            "kubernetes_namespace_v1.vm_namespace"
          ]
        }
      ]
    },
    {
      "mode": "managed",
      "type": "harvester_image",
      "name": "opensuse156",
      "provider": "provider[\"registry.terraform.io/harvester/harvester\"]",
      "instances": [
        {
          "schema_version": 0,
          "attributes": {
            "backend": "backingimage",
            "checksum": "",
            "description": "",
            "display_name": "openSUSE-Leap-15.6",
            "id": "garage/opensuse156",
            "labels": null,
            "message": "",
            "name": "opensuse156",
            "namespace": "garage",
            "progress": 100,
            "pvc_name": "",
            "pvc_namespace": "",
            "security_parameters": null,
            "size": 716701696,
            "source_type": "download",
            "state": "Active",
            "storage_class_name": "harvester-longhorn",
            "storage_class_parameters": {
              "migratable": "true",
              "numberOfReplicas": "3",
              "staleReplicaTimeout": "30"
            },
            "tags": null,
            "timeouts": null,
            "url": "https://download.opensuse.org/repositories/Cloud:/Images:/Leap_15.6/images/openSUSE-Leap-15.6.x86_64-NoCloud.qcow2",
            "volume_storage_class_name": "longhorn-opensuse156"
          },
          "sensitive_attributes": [],
          "identity_schema_version": 0,
          "private": "eyJlMmJmYjczMC1lY2FhLTExZTYtOGY4OC0zNDM2M2JjN2M0YzAiOnsiY3JlYXRlIjozMDAwMDAwMDAwMDAsImRlZmF1bHQiOjEyMDAwMDAwMDAwMCwiZGVsZXRlIjoxMjAwMDAwMDAwMDAsInJlYWQiOjEyMDAwMDAwMDAwMCwidXBkYXRlIjozMDAwMDAwMDAwMDB9fQ==",
          "dependencies": [
            "kubernetes_namespace_v1.vm_namespace"
          ]
        }
      ]
    },
    {
      "mode": "managed",
      "type": "harvester_network",
      "name": "mgmt-vmnet",
      "provider": "provider[\"registry.terraform.io/harvester/harvester\"]",
      "instances": [
        {
          "schema_version": 0,
          "attributes": {
            "cluster_network_name": "mgmt",
            "config": "{\"cniVersion\":\"0.3.1\",\"name\":\"vmnet\",\"type\":\"bridge\",\"bridge\":\"mgmt-br\",\"promiscMode\":true,\"vlan\":0,\"ipam\":{}}",
            "description": "",
            "id": "garage/vmnet",
            "labels": {
              "network.harvesterhci.io/clusternetwork": "mgmt"
            },
            "message": null,
            "name": "vmnet",
            "namespace": "garage",
            "route_cidr": "",
            "route_connectivity": "",
            "route_dhcp_server_ip": "",
            "route_gateway": "",
            "route_mode": "auto",
            "state": null,
            "tags": null,
            "timeouts": null,
            "vlan_id": 0
          },
          "sensitive_attributes": [],
          "identity_schema_version": 0,
          "private": "eyJlMmJmYjczMC1lY2FhLTExZTYtOGY4OC0zNDM2M2JjN2M0YzAiOnsiY3JlYXRlIjoxMjAwMDAwMDAwMDAsImRlZmF1bHQiOjEyMDAwMDAwMDAwMCwiZGVsZXRlIjozMDAwMDAwMDAwMDAsInJlYWQiOjEyMDAwMDAwMDAwMCwidXBkYXRlIjoxMjAwMDAwMDAwMDB9fQ==",
          "dependencies": [
            "data.harvester_clusternetwork.mgmt",
            "kubernetes_namespace_v1.vm_namespace"
          ]
        }
      ]
    },
    {
      "mode": "managed",
      "type": "harvester_ssh_key",
      "name": "myssh",
      "provider": "provider[\"registry.terraform.io/harvester/harvester\"]",
      "instances": [
        {
          "schema_version": 0,
          "attributes": {
            "description": "",
            "fingerprint": "",
            "id": "garage/terraform-ssh-key",
            "labels": null,
            "message": null,
            "name": "terraform-ssh-key",
            "namespace": "garage",
            "public_key": "ssh-ed25519 AAAAC3NzaC1lZDI1NTE5AAAAIFAhgIKk9L4pXM14pzvoICFNt+OY2HETqFRz4VcsZHwb rodolfo.almeida@suse.com",
            "state": "Not Validated",
            "tags": null,
            "timeouts": null
          },
          "sensitive_attributes": [],
          "identity_schema_version": 0,
          "private": "eyJlMmJmYjczMC1lY2FhLTExZTYtOGY4OC0zNDM2M2JjN2M0YzAiOnsiY3JlYXRlIjoxMjAwMDAwMDAwMDAsImRlZmF1bHQiOjEyMDAwMDAwMDAwMCwiZGVsZXRlIjoxMjAwMDAwMDAwMDAsInJlYWQiOjEyMDAwMDAwMDAwMCwidXBkYXRlIjoxMjAwMDAwMDAwMDB9fQ==",
          "dependencies": [
            "kubernetes_namespace_v1.vm_namespace"
          ]
        }
      ]
    },
    {
      "mode": "managed",
      "type": "harvester_virtualmachine",
      "name": "vm-demo",
      "provider": "provider[\"registry.terraform.io/harvester/harvester\"]",
      "instances": [
        {
          "schema_version": 0,
          "attributes": {
            "cloudinit": [
              {
                "network_data": "",
                "network_data_base64": "",
                "network_data_secret_name": "cloudinit-net-secret",
                "type": "noCloud",
                "user_data": "",
                "user_data_base64": "",
                "user_data_secret_name": "cloudinit-user-secret"
              }
            ],
            "cpu": 4,
            "cpu_pinning": false,
            "description": "S3 Bucket VM created",
            "disk": [
              {
                "access_mode": "ReadWriteMany",
                "auto_delete": true,
                "boot_order": 1,
                "bus": "virtio",
                "container_image_name": "",
                "existing_volume_name": "",
                "hot_plug": false,
                "image": "garage/opensuse156",
                "name": "rootdisk",
                "size": "100Gi",
                "storage_class_name": "longhorn-opensuse156",
                "type": "disk",
                "volume_mode": "Block",
                "volume_name": "vm-s3bucket-rootdisk-vtvbk"
              }
            ],
            "efi": false,
            "hostname": "",
            "id": "garage/vm-s3bucket",
            "input": [],
            "isolate_emulator_thread": false,
            "labels": null,
            "machine_type": "q35",
            "memory": "6Gi",
            "message": null,
            "name": "vm-s3bucket",
            "namespace": "garage",
            "network_interface": [
              {
                "boot_order": 0,
                "interface_name": "",
                "ip_address": "",
                "mac_address": "a2:b7:38:2d:dc:5e",
                "model": "virtio",
                "name": "eth0",
                "network_name": "garage/vmnet",
                "type": "bridge",
                "wait_for_lease": false
              }
            ],
            "node_name": "rralmeida-3",
            "node_selector": null,
            "reserved_memory": "",
            "restart_after_update": false,
            "run_strategy": "Always",
            "secure_boot": false,
            "ssh_keys": null,
            "start": null,
            "state": "Ready",
            "tags": null,
            "timeouts": null,
            "tpm": []
          },
          "sensitive_attributes": [],
          "identity_schema_version": 0,
          "private": "eyJlMmJmYjczMC1lY2FhLTExZTYtOGY4OC0zNDM2M2JjN2M0YzAiOnsiY3JlYXRlIjoxMjAwMDAwMDAwMDAsImRlZmF1bHQiOjEyMDAwMDAwMDAwMCwiZGVsZXRlIjozMDAwMDAwMDAwMDAsInJlYWQiOjEyMDAwMDAwMDAwMCwidXBkYXRlIjoxMjAwMDAwMDAwMDB9fQ==",
          "dependencies": [
            "data.harvester_clusternetwork.mgmt",
            "harvester_cloudinit_secret.cloud_config_net",
            "harvester_cloudinit_secret.cloud_config_user",
            "harvester_image.opensuse156",
            "harvester_network.mgmt-vmnet",
            "kubernetes_namespace_v1.vm_namespace"
          ]
        }
      ]
    },
    {
      "mode": "managed",
      "type": "kubernetes_namespace_v1",
      "name": "vm_namespace",
      "provider": "provider[\"registry.terraform.io/hashicorp/kubernetes\"]",
      "instances": [
        {
          "schema_version": 0,
          "attributes": {
            "id": "garage",
            "metadata": [
              {
                "annotations": null,
                "generate_name": "",
                "generation": 0,
                "labels": null,
                "name": "garage",
                "resource_version": "4003795",
                "uid": "caeab837-d405-4775-9cc2-9d271cfb52a9"
              }
            ],
            "timeouts": null,
            "wait_for_default_service_account": false
          },
          "sensitive_attributes": [],
          "identity_schema_version": 1,
          "identity": {
            "api_version": "v1",
            "kind": "Namespace",
            "name": "garage"
          },
          "private": "eyJlMmJmYjczMC1lY2FhLTExZTYtOGY4OC0zNDM2M2JjN2M0YzAiOnsiZGVsZXRlIjozMDAwMDAwMDAwMDB9fQ=="
        }
      ]
    }
  ],
  "check_results": null
}
